
Microsoft Visual Studio Solution File, Format Version 12.00
# Visual Studio Version 16
VisualStudioVersion = 16.0.30907.101
MinimumVisualStudioVersion = 10.0.40219.1
Project("{9A19103F-16F7-4668-BE54-9A1E7A4F7556}") = "Domain", "Domain\Domain.csproj", "{B86EB1E4-6300-49C6-B18B-F33FD90A6D85}"
EndProject
Project("{9A19103F-16F7-4668-BE54-9A1E7A4F7556}") = "Application", "Application\Application.csproj", "{34CB8FEF-8770-485E-8C1D-8CA2C0A86B94}"
EndProject
Project("{9A19103F-16F7-4668-BE54-9A1E7A4F7556}") = "Infrastructure.Data", "Infrastructure.Data\Infrastructure.Data.csproj", "{A4AA62A9-DDCD-43C7-B7EE-8183AFA7737F}"
EndProject
Project("{9A19103F-16F7-4668-BE54-9A1E7A4F7556}") = "WebUI", "WebUI\WebUI.csproj", "{4F042E52-0E86-4288-B4C5-A232DC3A6351}"
EndProject
Project("{FAE04EC0-301F-11D3-BF4B-00C04F79EFBC}") = "CreditCardService", "CrediCardService\CreditCardService.csproj", "{50733873-96DC-4741-B27D-BB6158AC0444}"
EndProject
Global
	GlobalSection(SolutionConfigurationPlatforms) = preSolution
		Debug|Any CPU = Debug|Any CPU
		Release|Any CPU = Release|Any CPU
	EndGlobalSection
	GlobalSection(ProjectConfigurationPlatforms) = postSolution
		{B86EB1E4-6300-49C6-B18B-F33FD90A6D85}.Debug|Any CPU.ActiveCfg = Debug|Any CPU
		{B86EB1E4-6300-49C6-B18B-F33FD90A6D85}.Debug|Any CPU.Build.0 = Debug|Any CPU
		{B86EB1E4-6300-49C6-B18B-F33FD90A6D85}.Release|Any CPU.ActiveCfg = Release|Any CPU
		{B86EB1E4-6300-49C6-B18B-F33FD90A6D85}.Release|Any CPU.Build.0 = Release|Any CPU
		{34CB8FEF-8770-485E-8C1D-8CA2C0A86B94}.Debug|Any CPU.ActiveCfg = Debug|Any CPU
		{34CB8FEF-8770-485E-8C1D-8CA2C0A86B94}.Debug|Any CPU.Build.0 = Debug|Any CPU
		{34CB8FEF-8770-485E-8C1D-8CA2C0A86B94}.Release|Any CPU.ActiveCfg = Release|Any CPU
		{34CB8FEF-8770-485E-8C1D-8CA2C0A86B94}.Release|Any CPU.Build.0 = Release|Any CPU
		{A4AA62A9-DDCD-43C7-B7EE-8183AFA7737F}.Debug|Any CPU.ActiveCfg = Debug|Any CPU
		{A4AA62A9-DDCD-43C7-B7EE-8183AFA7737F}.Debug|Any CPU.Build.0 = Debug|Any CPU
		{A4AA62A9-DDCD-43C7-B7EE-8183AFA7737F}.Release|Any CPU.ActiveCfg = Release|Any CPU
		{A4AA62A9-DDCD-43C7-B7EE-8183AFA7737F}.Release|Any CPU.Build.0 = Release|Any CPU
		{4F042E52-0E86-4288-B4C5-A232DC3A6351}.Debug|Any CPU.ActiveCfg = Debug|Any CPU
		{4F042E52-0E86-4288-B4C5-A232DC3A6351}.Debug|Any CPU.Build.0 = Debug|Any CPU
		{4F042E52-0E86-4288-B4C5-A232DC3A6351}.Release|Any CPU.ActiveCfg = Release|Any CPU
		{4F042E52-0E86-4288-B4C5-A232DC3A6351}.Release|Any CPU.Build.0 = Release|Any CPU
		{50733873-96DC-4741-B27D-BB6158AC0444}.Debug|Any CPU.ActiveCfg = Debug|Any CPU
		{50733873-96DC-4741-B27D-BB6158AC0444}.Debug|Any CPU.Build.0 = Debug|Any CPU
		{50733873-96DC-4741-B27D-BB6158AC0444}.Release|Any CPU.ActiveCfg = Release|Any CPU
		{50733873-96DC-4741-B27D-BB6158AC0444}.Release|Any CPU.Build.0 = Release|Any CPU
	EndGlobalSection
	GlobalSection(SolutionProperties) = preSolution
		HideSolutionNode = FALSE
	EndGlobalSection
	GlobalSection(ExtensibilityGlobals) = postSolution
		SolutionGuid = {0D4FBA08-EDFD-47EA-817C-D6F1F433AC82}
	EndGlobalSection
EndGlobal
